{
  "name": "users",
  "version": "1.0.0",
  "lockfileVersion": 1,
  "requires": true,
  "dependencies": {
    "@types/aws-lambda": {
      "version": "8.10.32",
      "resolved": "https://registry.npmjs.org/@types/aws-lambda/-/aws-lambda-8.10.32.tgz",
      "integrity": "sha512-EOF/Wxfwt56YNAIl9qxal4VKIouiaBPpZympEF194cIXm7LwIyZwY77a2Al/77Un62cD78thapAsbmf1pLgfBQ==",
      "optional": true
    },
    "serverless-http": {
      "version": "2.3.0",
      "resolved": "https://registry.npmjs.org/serverless-http/-/serverless-http-2.3.0.tgz",
      "integrity": "sha512-z1820kGkw/XlaXCZ3HMA6fY/SQXrbtlQjuTaxB1fMJTe5GJqjQRE0EyLKkeQDT3Qd4nmtfM1p7XEUuNv2chnFA==",
      "requires": {
        "@types/aws-lambda": "8.10.32"
      }
    }
  }
}
